
Microsoft Visual Studio Solution File, Format Version 12.00
# Visual Studio 2012
Project("{FAE04EC0-301F-11D3-BF4B-00C04F79EFBC}") = "DirectoryToList", "DirectoryToList\DirectoryToList.csproj", "{B20152C5-22DE-4805-B266-9320188A1103}"
EndProject
Global
	GlobalSection(SolutionConfigurationPlatforms) = preSolution
		Debug|Any CPU = Debug|Any CPU
		Release|Any CPU = Release|Any CPU
	EndGlobalSection
	GlobalSection(ProjectConfigurationPlatforms) = postSolution
		{B20152C5-22DE-4805-B266-9320188A1103}.Debug|Any CPU.ActiveCfg = Debug|Any CPU
		{B20152C5-22DE-4805-B266-9320188A1103}.Debug|Any CPU.Build.0 = Debug|Any CPU
		{B20152C5-22DE-4805-B266-9320188A1103}.Release|Any CPU.ActiveCfg = Release|Any CPU
		{B20152C5-22DE-4805-B266-9320188A1103}.Release|Any CPU.Build.0 = Release|Any CPU
	EndGlobalSection
	GlobalSection(SolutionProperties) = preSolution
		HideSolutionNode = FALSE
	EndGlobalSection
EndGlobal
